<?xml version="1.0" encoding="utf-8"?>
<Project ToolsVersion="4.0" xmlns="http://schemas.microsoft.com/developer/msbuild/2003">
  <ItemGroup>
    <Filter Include="Source Files">
      <UniqueIdentifier>{4FC737F1-C7A5-4376-A066-2A32D752A2FF}</UniqueIdentifier>
      <Extensions>cpp;c;cc;cxx;def;odl;idl;hpj;bat;asm;asmx</Extensions>
    </Filter>
    <Filter Include="Header Files">
      <UniqueIdentifier>{93995380-89BD-4b04-88EB-625FBE52EBFB}</UniqueIdentifier>
      <Extensions>h;hh;hpp;hxx;hm;inl;inc;xsd</Extensions>
    </Filter>
    <Filter Include="Resource Files">
      <UniqueIdentifier>{67DA6AB6-F800-4c08-8B7A-83BB121AAD01}</UniqueIdentifier>
      <Extensions>rc;ico;cur;bmp;dlg;rc2;rct;bin;rgs;gif;jpg;jpeg;jpe;resx;tiff;tif;png;wav;mfcribbon-ms</Extensions>
    </Filter>
    <Filter Include="DroneOS">
      <UniqueIdentifier>{9eb33d4a-1a17-444b-9f19-5b460382ee80}</UniqueIdentifier>
    </Filter>
    <Filter Include="DroneOS\Source Files">
      <UniqueIdentifier>{7f1ec6ea-762f-43b7-a563-5d87bd38207e}</UniqueIdentifier>
    </Filter>
    <Filter Include="DroneOS\Header Files">
      <UniqueIdentifier>{cdc6b384-bdb5-4190-96a6-16ac40848212}</UniqueIdentifier>
    </Filter>
    <Filter Include="DroneOS\HAL Files">
      <UniqueIdentifier>{d0a08c45-6504-4dc3-98c0-859217fbe3fd}</UniqueIdentifier>
    </Filter>
    <Filter Include="DroneOS\Driver Files">
      <UniqueIdentifier>{3553dafa-f85c-44f2-8058-bac3a4d60815}</UniqueIdentifier>
    </Filter>
    <Filter Include="DroneOS\Driver Files\Header Files">
      <UniqueIdentifier>{fd76ee68-1d82-4055-9435-ac49a7c787ae}</UniqueIdentifier>
    </Filter>
    <Filter Include="DroneOS\Driver Files\Source Files">
      <UniqueIdentifier>{79ac2ab8-58b0-41f0-a3d8-ec36689d7f40}</UniqueIdentifier>
    </Filter>
    <Filter Include="DroneOS\HAL Files\Source Files">
      <UniqueIdentifier>{02971fc2-5f41-497b-87a6-9b89d92eac48}</UniqueIdentifier>
    </Filter>
    <Filter Include="DroneOS\HAL Files\Header Files">
      <UniqueIdentifier>{7c767a8f-5e4b-46e1-a65c-0389775c2d7b}</UniqueIdentifier>
    </Filter>
  </ItemGroup>
  <ItemGroup>
    <ClCompile Include="..\..\Source\cfcSystemInit.c">
      <Filter>Source Files</Filter>
    </ClCompile>
    <ClCompile Include="..\..\DroneOS\Source\comSLIP.c">
      <Filter>DroneOS\Source Files</Filter>
    </ClCompile>
    <ClCompile Include="..\..\DroneOS\Source\roxStorage.c">
      <Filter>DroneOS\Source Files</Filter>
    </ClCompile>
    <ClCompile Include="..\..\DroneOS\Source\comPacketQueue.c">
      <Filter>DroneOS\Source Files</Filter>
    </ClCompile>
    <ClCompile Include="..\..\DroneOS\Source\comPacketBuilder.c">
      <Filter>DroneOS\Source Files</Filter>
    </ClCompile>
    <ClCompile Include="..\..\DroneOS\Source\comManager.c">
      <Filter>DroneOS\Source Files</Filter>
    </ClCompile>
    <ClCompile Include="..\..\Source\fileSystemFilesStorage.c">
      <Filter>Source Files</Filter>
    </ClCompile>
    <ClCompile Include="..\..\DroneOS\Source\fileTransfer.c">
      <Filter>DroneOS\Source Files</Filter>
    </ClCompile>
    <ClCompile Include="..\..\DroneOS\Source\crcCITT16.c">
      <Filter>DroneOS\Source Files</Filter>
    </ClCompile>
    <ClCompile Include="..\..\DroneOS\Source\crcMD5.c">
      <Filter>DroneOS\Source Files</Filter>
    </ClCompile>
    <ClCompile Include="..\..\DroneOS\Source\strString.c">
      <Filter>DroneOS\Source Files</Filter>
    </ClCompile>
    <ClCompile Include="..\..\DroneOS\Source\sysDateTime.c">
      <Filter>DroneOS\Source Files</Filter>
    </ClCompile>
    <ClCompile Include="..\..\DroneOS\Source\cfgStorage.c">
      <Filter>DroneOS\Source Files</Filter>
    </ClCompile>
    <ClCompile Include="..\..\DroneOS\Source\fileSystemFile.c">
      <Filter>DroneOS\Source Files</Filter>
    </ClCompile>
    <ClCompile Include="..\..\DroneOS\Source\comUART.c">
      <Filter>DroneOS\Source Files</Filter>
    </ClCompile>
    <ClCompile Include="..\..\DroneOS\Source\sysTimer.c">
      <Filter>DroneOS\Source Files</Filter>
    </ClCompile>
    <ClCompile Include="..\..\DroneOS\HAL\Win32\Source\halEEPROM.c">
      <Filter>DroneOS\HAL Files\Source Files</Filter>
    </ClCompile>
    <ClCompile Include="..\..\DroneOS\HAL\Win32\Source\halHelpers.c">
      <Filter>DroneOS\HAL Files\Source Files</Filter>
    </ClCompile>
    <ClCompile Include="..\..\DroneOS\HAL\Win32\Source\halMain.c">
      <Filter>DroneOS\HAL Files\Source Files</Filter>
    </ClCompile>
    <ClCompile Include="..\..\DroneOS\HAL\Win32\Source\halRTC.c">
      <Filter>DroneOS\HAL Files\Source Files</Filter>
    </ClCompile>
    <ClCompile Include="..\..\DroneOS\HAL\Win32\Source\halUART.c">
      <Filter>DroneOS\HAL Files\Source Files</Filter>
    </ClCompile>
    <ClCompile Include="..\..\DroneOS\Source\comUDP.c">
      <Filter>DroneOS\Source Files</Filter>
    </ClCompile>
    <ClCompile Include="..\..\DroneOS\Drivers\Source\drvESP8266.c">
      <Filter>DroneOS\Driver Files\Source Files</Filter>
    </ClCompile>
  </ItemGroup>
  <ItemGroup>
    <ClInclude Include="..\..\DroneOS\Include\sysInitialize.h">
      <Filter>DroneOS\Header Files</Filter>
    </ClInclude>
    <ClInclude Include="..\..\DroneOS\Include\sysPackedStructEnd.h">
      <Filter>DroneOS\Header Files</Filter>
    </ClInclude>
    <ClInclude Include="..\..\DroneOS\Include\sysPackedStructStart.h">
      <Filter>DroneOS\Header Files</Filter>
    </ClInclude>
    <ClInclude Include="..\..\DroneOS\Include\sysRTOS.h">
      <Filter>DroneOS\Header Files</Filter>
    </ClInclude>
    <ClInclude Include="..\..\DroneOS\Include\sysTypes.h">
      <Filter>DroneOS\Header Files</Filter>
    </ClInclude>
    <ClInclude Include="..\..\DroneOS\Include\comInterfaces.h">
      <Filter>DroneOS\Header Files</Filter>
    </ClInclude>
    <ClInclude Include="..\..\DroneOS\Include\comManager.h">
      <Filter>DroneOS\Header Files</Filter>
    </ClInclude>
    <ClInclude Include="..\..\DroneOS\Include\comSLIP.h">
      <Filter>DroneOS\Header Files</Filter>
    </ClInclude>
    <ClInclude Include="..\..\DroneOS\Include\comSystemPacketDefinitions.h">
      <Filter>DroneOS\Header Files</Filter>
    </ClInclude>
    <ClInclude Include="..\..\DroneOS\Include\comPacketQueue.h">
      <Filter>DroneOS\Header Files</Filter>
    </ClInclude>
    <ClInclude Include="..\..\DroneOS\Drivers\Win32\Include\drvIODefinitions.h">
      <Filter>DroneOS\Header Files</Filter>
    </ClInclude>
    <ClInclude Include="..\..\DroneOS\Include\cfgStorage.h">
      <Filter>DroneOS\Header Files</Filter>
    </ClInclude>
    <ClInclude Include="..\..\DroneOS\Include\drvADXL345.h">
      <Filter>DroneOS\Header Files</Filter>
    </ClInclude>
    <ClInclude Include="..\..\DroneOS\Include\drvHMC5883.h">
      <Filter>DroneOS\Header Files</Filter>
    </ClInclude>
    <ClInclude Include="..\..\DroneOS\Include\drvIMU.h">
      <Filter>DroneOS\Header Files</Filter>
    </ClInclude>
    <ClInclude Include="..\..\DroneOS\Include\drvL3GD20.h">
      <Filter>DroneOS\Header Files</Filter>
    </ClInclude>
    <ClInclude Include="..\..\DroneOS\Include\drvLSM303DLHC.h">
      <Filter>DroneOS\Header Files</Filter>
    </ClInclude>
    <ClInclude Include="..\..\DroneOS\Include\drvSPI.h">
      <Filter>DroneOS\Header Files</Filter>
    </ClInclude>
    <ClInclude Include="..\..\DroneOS\Include\drvStatLED.h">
      <Filter>DroneOS\Header Files</Filter>
    </ClInclude>
    <ClInclude Include="..\..\DroneOS\Include\FreeRTOSConfig.h">
      <Filter>DroneOS\Header Files</Filter>
    </ClInclude>
    <ClInclude Include="..\..\DroneOS\Include\imuCommunication.h">
      <Filter>DroneOS\Header Files</Filter>
    </ClInclude>
    <ClInclude Include="..\..\DroneOS\Include\imuTask.h">
      <Filter>DroneOS\Header Files</Filter>
    </ClInclude>
    <ClInclude Include="..\..\DroneOS\Include\sysHighresTimer.h">
      <Filter>DroneOS\Header Files</Filter>
    </ClInclude>
    <ClInclude Include="..\..\DroneOS\HAL\Win32\Include\halIODefinitions.h">
      <Filter>DroneOS\Header Files</Filter>
    </ClInclude>
    <ClInclude Include="..\..\DroneOS\Include\comPacketBuilder.h">
      <Filter>DroneOS\Header Files</Filter>
    </ClInclude>
    <ClInclude Include="..\..\DroneOS\Include\comESP8266.h">
      <Filter>DroneOS\Header Files</Filter>
    </ClInclude>
    <ClInclude Include="..\..\DroneOS\Include\comUDP.h">
      <Filter>DroneOS\Header Files</Filter>
    </ClInclude>
    <ClInclude Include="..\..\DroneOS\Include\halUDP.h">
      <Filter>DroneOS\Header Files</Filter>
    </ClInclude>
    <ClInclude Include="..\..\DroneOS\Include\fileSystemFiles.h">
      <Filter>DroneOS\Header Files</Filter>
    </ClInclude>
    <ClInclude Include="..\..\DroneOS\Include\fileTransfer.h">
      <Filter>DroneOS\Header Files</Filter>
    </ClInclude>
    <ClInclude Include="..\..\DroneOS\Include\crcMD5.h">
      <Filter>DroneOS\Header Files</Filter>
    </ClInclude>
    <ClInclude Include="..\..\DroneOS\Include\strString.h">
      <Filter>DroneOS\Header Files</Filter>
    </ClInclude>
    <ClInclude Include="..\..\DroneOS\Include\crcCITT16.h">
      <Filter>DroneOS\Header Files</Filter>
    </ClInclude>
    <ClInclude Include="..\..\DroneOS\Include\sysDateTime.h">
      <Filter>DroneOS\Header Files</Filter>
    </ClInclude>
    <ClInclude Include="..\..\DroneOS\Include\halRTC.h">
      <Filter>DroneOS\Header Files</Filter>
    </ClInclude>
    <ClInclude Include="include\cfgConstants.h">
      <Filter>Header Files</Filter>
    </ClInclude>
    <ClInclude Include="..\..\DroneOS\Include\drvEEPROM.h">
      <Filter>DroneOS\Header Files</Filter>
    </ClInclude>
    <ClInclude Include="..\..\DroneOS\Include\sysTimer.h">
      <Filter>DroneOS\Header Files</Filter>
    </ClInclude>
    <ClInclude Include="..\..\DroneOS\Include\comUART.h">
      <Filter>DroneOS\Header Files</Filter>
    </ClInclude>
    <ClInclude Include="..\..\DroneOS\Include\halUART.h">
      <Filter>DroneOS\Header Files</Filter>
    </ClInclude>
    <ClInclude Include="..\..\DroneOS\HAL\Include\halRTC.h">
      <Filter>DroneOS\HAL Files\Header Files</Filter>
    </ClInclude>
    <ClInclude Include="..\..\DroneOS\HAL\Include\halUART.h">
      <Filter>DroneOS\HAL Files\Header Files</Filter>
    </ClInclude>
    <ClInclude Include="..\..\DroneOS\Drivers\Include\drvUDP.h">
      <Filter>DroneOS\Driver Files\Header Files</Filter>
    </ClInclude>
  </ItemGroup>
  <ItemGroup>
    <None Include="include\cfgXML.inl">
      <Filter>Header Files</Filter>
    </None>
    <None Include="include\cfgDefault.inl">
      <Filter>Header Files</Filter>
    </None>
    <None Include="include\cfgValueInfo.inl">
      <Filter>Header Files</Filter>
    </None>
  </ItemGroup>
</Project>