<?xml version="1.0" encoding="utf-8"?>
<Project ToolsVersion="4.0" xmlns="http://schemas.microsoft.com/developer/msbuild/2003">
  <ItemGroup>
    <Filter Include="Source Files">
      <UniqueIdentifier>{4FC737F1-C7A5-4376-A066-2A32D752A2FF}</UniqueIdentifier>
      <Extensions>cpp;c;cc;cxx;def;odl;idl;hpj;bat;asm;asmx</Extensions>
    </Filter>
    <Filter Include="Header Files">
      <UniqueIdentifier>{93995380-89BD-4b04-88EB-625FBE52EBFB}</UniqueIdentifier>
      <Extensions>h;hh;hpp;hxx;hm;inl;inc;xsd</Extensions>
    </Filter>
    <Filter Include="Resource Files">
      <UniqueIdentifier>{67DA6AB6-F800-4c08-8B7A-83BB121AAD01}</UniqueIdentifier>
      <Extensions>rc;ico;cur;bmp;dlg;rc2;rct;bin;rgs;gif;jpg;jpeg;jpe;resx;tiff;tif;png;wav;mfcribbon-ms</Extensions>
    </Filter>
    <Filter Include="DroneOS">
      <UniqueIdentifier>{9eb33d4a-1a17-444b-9f19-5b460382ee80}</UniqueIdentifier>
    </Filter>
    <Filter Include="DroneOS\source">
      <UniqueIdentifier>{7f1ec6ea-762f-43b7-a563-5d87bd38207e}</UniqueIdentifier>
    </Filter>
    <Filter Include="DroneOS\include">
      <UniqueIdentifier>{cdc6b384-bdb5-4190-96a6-16ac40848212}</UniqueIdentifier>
    </Filter>
    <Filter Include="DroneOS\drivers">
      <UniqueIdentifier>{d0a08c45-6504-4dc3-98c0-859217fbe3fd}</UniqueIdentifier>
    </Filter>
  </ItemGroup>
  <ItemGroup>
    <ClCompile Include="..\..\DroneOS\Drivers\Win32\sysMain.c">
      <Filter>DroneOS\drivers</Filter>
    </ClCompile>
    <ClCompile Include="..\..\Source\cfcSystemInit.c">
      <Filter>Source Files</Filter>
    </ClCompile>
    <ClCompile Include="..\..\DroneOS\Source\comManager.c">
      <Filter>DroneOS\source</Filter>
    </ClCompile>
    <ClCompile Include="..\..\DroneOS\Drivers\Win32\drvEthernet.c">
      <Filter>DroneOS\drivers</Filter>
    </ClCompile>
    <ClCompile Include="..\..\DroneOS\Drivers\Win32\drvRTOSWapper.c">
      <Filter>DroneOS\drivers</Filter>
    </ClCompile>
    <ClCompile Include="..\..\DroneOS\Source\sysCRC16.c">
      <Filter>DroneOS\source</Filter>
    </ClCompile>
    <ClCompile Include="..\..\DroneOS\Source\comSLIP.c">
      <Filter>DroneOS\source</Filter>
    </ClCompile>
  </ItemGroup>
  <ItemGroup>
    <ClInclude Include="..\..\DroneOS\Include\sysCRC16.h">
      <Filter>DroneOS\include</Filter>
    </ClInclude>
    <ClInclude Include="..\..\DroneOS\Include\sysInitialize.h">
      <Filter>DroneOS\include</Filter>
    </ClInclude>
    <ClInclude Include="..\..\DroneOS\Include\sysMD5.h">
      <Filter>DroneOS\include</Filter>
    </ClInclude>
    <ClInclude Include="..\..\DroneOS\Include\sysPackedStructEnd.h">
      <Filter>DroneOS\include</Filter>
    </ClInclude>
    <ClInclude Include="..\..\DroneOS\Include\sysPackedStructStart.h">
      <Filter>DroneOS\include</Filter>
    </ClInclude>
    <ClInclude Include="..\..\DroneOS\Include\sysRTOS.h">
      <Filter>DroneOS\include</Filter>
    </ClInclude>
    <ClInclude Include="..\..\DroneOS\Include\sysString.h">
      <Filter>DroneOS\include</Filter>
    </ClInclude>
    <ClInclude Include="..\..\DroneOS\Include\sysTypes.h">
      <Filter>DroneOS\include</Filter>
    </ClInclude>
    <ClInclude Include="..\..\DroneOS\Include\comInterfaces.h">
      <Filter>DroneOS\include</Filter>
    </ClInclude>
    <ClInclude Include="..\..\DroneOS\Include\comManager.h">
      <Filter>DroneOS\include</Filter>
    </ClInclude>
    <ClInclude Include="..\..\DroneOS\Include\comQueue.h">
      <Filter>DroneOS\include</Filter>
    </ClInclude>
    <ClInclude Include="..\..\DroneOS\Include\comSLIP.h">
      <Filter>DroneOS\include</Filter>
    </ClInclude>
    <ClInclude Include="..\..\DroneOS\Include\comSystemPacketDefinitions.h">
      <Filter>DroneOS\include</Filter>
    </ClInclude>
    <ClInclude Include="..\..\DroneOS\Include\sysConfig.h">
      <Filter>DroneOS\include</Filter>
    </ClInclude>
    <ClInclude Include="..\..\DroneOS\Include\comFileRequestHandler.h">
      <Filter>DroneOS\include</Filter>
    </ClInclude>
  </ItemGroup>
</Project>